
Microsoft Visual Studio Solution File, Format Version 12.00
# Visual Studio Version 16
VisualStudioVersion = 16.0.32602.291
MinimumVisualStudioVersion = 10.0.40219.1
Project("{FAE04EC0-301F-11D3-BF4B-00C04F79EFBC}") = "CeUAA11_2023_Grootaers", "CeUAA11_2023_Grootaers\CeUAA11_2023_Grootaers.csproj", "{214E3EEE-D542-4051-AEC5-1B2622F6A6F7}"
EndProject
Global
	GlobalSection(SolutionConfigurationPlatforms) = preSolution
		Debug|Any CPU = Debug|Any CPU
		Release|Any CPU = Release|Any CPU
	EndGlobalSection
	GlobalSection(ProjectConfigurationPlatforms) = postSolution
		{214E3EEE-D542-4051-AEC5-1B2622F6A6F7}.Debug|Any CPU.ActiveCfg = Debug|Any CPU
		{214E3EEE-D542-4051-AEC5-1B2622F6A6F7}.Debug|Any CPU.Build.0 = Debug|Any CPU
		{214E3EEE-D542-4051-AEC5-1B2622F6A6F7}.Release|Any CPU.ActiveCfg = Release|Any CPU
		{214E3EEE-D542-4051-AEC5-1B2622F6A6F7}.Release|Any CPU.Build.0 = Release|Any CPU
	EndGlobalSection
	GlobalSection(SolutionProperties) = preSolution
		HideSolutionNode = FALSE
	EndGlobalSection
	GlobalSection(ExtensibilityGlobals) = postSolution
		SolutionGuid = {B9966FA5-302A-4906-BAE1-B43D6B166A5D}
	EndGlobalSection
EndGlobal
